
Microsoft Visual Studio Solution File, Format Version 12.00
# Visual Studio Version 16
VisualStudioVersion = 16.0.29306.81
MinimumVisualStudioVersion = 10.0.40219.1
Project("{8BC9CEB8-8B4A-11D0-8D11-00A0C91BC942}") = "BFSDFS_1697_숨바꼭질", "BFSDFS_1697_숨바꼭질\BFSDFS_1697_숨바꼭질.vcxproj", "{C47DA588-3F16-4457-ABA0-5FC69613F386}"
EndProject
Global
	GlobalSection(SolutionConfigurationPlatforms) = preSolution
		Debug|x64 = Debug|x64
		Debug|x86 = Debug|x86
		Release|x64 = Release|x64
		Release|x86 = Release|x86
	EndGlobalSection
	GlobalSection(ProjectConfigurationPlatforms) = postSolution
		{C47DA588-3F16-4457-ABA0-5FC69613F386}.Debug|x64.ActiveCfg = Debug|x64
		{C47DA588-3F16-4457-ABA0-5FC69613F386}.Debug|x64.Build.0 = Debug|x64
		{C47DA588-3F16-4457-ABA0-5FC69613F386}.Debug|x86.ActiveCfg = Debug|Win32
		{C47DA588-3F16-4457-ABA0-5FC69613F386}.Debug|x86.Build.0 = Debug|Win32
		{C47DA588-3F16-4457-ABA0-5FC69613F386}.Release|x64.ActiveCfg = Release|x64
		{C47DA588-3F16-4457-ABA0-5FC69613F386}.Release|x64.Build.0 = Release|x64
		{C47DA588-3F16-4457-ABA0-5FC69613F386}.Release|x86.ActiveCfg = Release|Win32
		{C47DA588-3F16-4457-ABA0-5FC69613F386}.Release|x86.Build.0 = Release|Win32
	EndGlobalSection
	GlobalSection(SolutionProperties) = preSolution
		HideSolutionNode = FALSE
	EndGlobalSection
	GlobalSection(ExtensibilityGlobals) = postSolution
		SolutionGuid = {EFE8A609-CD3F-45B0-96A3-835F7510DC8F}
	EndGlobalSection
EndGlobal
